
Microsoft Visual Studio Solution File, Format Version 12.00
# Visual Studio Version 16
VisualStudioVersion = 16.0.30320.27
MinimumVisualStudioVersion = 10.0.40219.1
Project("{9A19103F-16F7-4668-BE54-9A1E7A4F7556}") = "Entities", "Entities\Entities.csproj", "{8BD55008-CFA6-413F-868B-0CAA273E807E}"
EndProject
Project("{9A19103F-16F7-4668-BE54-9A1E7A4F7556}") = "DataAccess", "DataAccess\DataAccess.csproj", "{9C2B2396-0097-48EA-AF51-C08E9D588250}"
EndProject
Project("{9A19103F-16F7-4668-BE54-9A1E7A4F7556}") = "Business", "Business\Business.csproj", "{B63DB045-F39F-44F9-B0BD-3E3F3F1BA83F}"
EndProject
Project("{9A19103F-16F7-4668-BE54-9A1E7A4F7556}") = "ConsoleUI", "Console\ConsoleUI.csproj", "{879DD97E-8527-4537-8D9F-84B1DB6C4CB8}"
EndProject
Project("{9A19103F-16F7-4668-BE54-9A1E7A4F7556}") = "Core", "Core\Core.csproj", "{C45DF35D-5D0B-42F4-A578-A7185C53D787}"
EndProject
Project("{FAE04EC0-301F-11D3-BF4B-00C04F79EFBC}") = "WebAPI", "WebAPI\WebAPI.csproj", "{4DFD9BE6-CF74-416E-A6C8-3361E1DEAC50}"
EndProject
Global
	GlobalSection(SolutionConfigurationPlatforms) = preSolution
		Debug|Any CPU = Debug|Any CPU
		Release|Any CPU = Release|Any CPU
	EndGlobalSection
	GlobalSection(ProjectConfigurationPlatforms) = postSolution
		{8BD55008-CFA6-413F-868B-0CAA273E807E}.Debug|Any CPU.ActiveCfg = Debug|Any CPU
		{8BD55008-CFA6-413F-868B-0CAA273E807E}.Debug|Any CPU.Build.0 = Debug|Any CPU
		{8BD55008-CFA6-413F-868B-0CAA273E807E}.Release|Any CPU.ActiveCfg = Release|Any CPU
		{8BD55008-CFA6-413F-868B-0CAA273E807E}.Release|Any CPU.Build.0 = Release|Any CPU
		{9C2B2396-0097-48EA-AF51-C08E9D588250}.Debug|Any CPU.ActiveCfg = Debug|Any CPU
		{9C2B2396-0097-48EA-AF51-C08E9D588250}.Debug|Any CPU.Build.0 = Debug|Any CPU
		{9C2B2396-0097-48EA-AF51-C08E9D588250}.Release|Any CPU.ActiveCfg = Release|Any CPU
		{9C2B2396-0097-48EA-AF51-C08E9D588250}.Release|Any CPU.Build.0 = Release|Any CPU
		{B63DB045-F39F-44F9-B0BD-3E3F3F1BA83F}.Debug|Any CPU.ActiveCfg = Debug|Any CPU
		{B63DB045-F39F-44F9-B0BD-3E3F3F1BA83F}.Debug|Any CPU.Build.0 = Debug|Any CPU
		{B63DB045-F39F-44F9-B0BD-3E3F3F1BA83F}.Release|Any CPU.ActiveCfg = Release|Any CPU
		{B63DB045-F39F-44F9-B0BD-3E3F3F1BA83F}.Release|Any CPU.Build.0 = Release|Any CPU
		{879DD97E-8527-4537-8D9F-84B1DB6C4CB8}.Debug|Any CPU.ActiveCfg = Debug|Any CPU
		{879DD97E-8527-4537-8D9F-84B1DB6C4CB8}.Debug|Any CPU.Build.0 = Debug|Any CPU
		{879DD97E-8527-4537-8D9F-84B1DB6C4CB8}.Release|Any CPU.ActiveCfg = Release|Any CPU
		{879DD97E-8527-4537-8D9F-84B1DB6C4CB8}.Release|Any CPU.Build.0 = Release|Any CPU
		{C45DF35D-5D0B-42F4-A578-A7185C53D787}.Debug|Any CPU.ActiveCfg = Debug|Any CPU
		{C45DF35D-5D0B-42F4-A578-A7185C53D787}.Debug|Any CPU.Build.0 = Debug|Any CPU
		{C45DF35D-5D0B-42F4-A578-A7185C53D787}.Release|Any CPU.ActiveCfg = Release|Any CPU
		{C45DF35D-5D0B-42F4-A578-A7185C53D787}.Release|Any CPU.Build.0 = Release|Any CPU
		{4DFD9BE6-CF74-416E-A6C8-3361E1DEAC50}.Debug|Any CPU.ActiveCfg = Debug|Any CPU
		{4DFD9BE6-CF74-416E-A6C8-3361E1DEAC50}.Debug|Any CPU.Build.0 = Debug|Any CPU
		{4DFD9BE6-CF74-416E-A6C8-3361E1DEAC50}.Release|Any CPU.ActiveCfg = Release|Any CPU
		{4DFD9BE6-CF74-416E-A6C8-3361E1DEAC50}.Release|Any CPU.Build.0 = Release|Any CPU
	EndGlobalSection
	GlobalSection(SolutionProperties) = preSolution
		HideSolutionNode = FALSE
	EndGlobalSection
	GlobalSection(ExtensibilityGlobals) = postSolution
		SolutionGuid = {479E3BDE-DE41-4F73-BCD9-FD6C3B9209FE}
	EndGlobalSection
EndGlobal
